
Microsoft Visual Studio Solution File, Format Version 12.00
# Visual Studio Version 17
VisualStudioVersion = 17.8.34330.188
MinimumVisualStudioVersion = 10.0.40219.1
Project("{2150E333-8FDC-42A3-9474-1A3956D46DE8}") = "APIGateWay", "APIGateWay", "{BA74BF98-6FD0-4846-8E06-888EE2E282A4}"
EndProject
Project("{9A19103F-16F7-4668-BE54-9A1E7A4F7556}") = "ReverseProxy", "ReverseProxy\ReverseProxy.csproj", "{F262A03A-B158-4CE5-A700-3FF34E87ECD8}"
EndProject
Project("{2150E333-8FDC-42A3-9474-1A3956D46DE8}") = "Src", "Src", "{8F3CC210-ABD4-41ED-BF8C-299D2EB0055D}"
EndProject
Project("{2150E333-8FDC-42A3-9474-1A3956D46DE8}") = "LoggingService", "LoggingService", "{3D4170A2-1EA8-47C3-9EDD-D9B0171ACF89}"
EndProject
Project("{2150E333-8FDC-42A3-9474-1A3956D46DE8}") = "UserService", "UserService", "{9F299264-9712-48D0-B539-2997E66C9B44}"
EndProject
Project("{2150E333-8FDC-42A3-9474-1A3956D46DE8}") = "RecipeService", "RecipeService", "{AF8BAF5E-C592-4C8F-BCFE-AFEA76A9E1FD}"
EndProject
Project("{9A19103F-16F7-4668-BE54-9A1E7A4F7556}") = "User.API", "User.API\User.API.csproj", "{254AC3DC-E9DA-4253-83EF-DD73E7793335}"
EndProject
Project("{9A19103F-16F7-4668-BE54-9A1E7A4F7556}") = "User.DataAcess", "User.DataAcess\User.DataAcess.csproj", "{5C44F998-D754-4E97-8BEE-737CAF108F7E}"
EndProject
Project("{9A19103F-16F7-4668-BE54-9A1E7A4F7556}") = "Recipe.API", "Recipe.API\Recipe.API.csproj", "{67E6C639-7AA1-470E-B61D-EFADFA92A824}"
EndProject
Project("{9A19103F-16F7-4668-BE54-9A1E7A4F7556}") = "Recipe.DataAcess", "Recipe.DataAcess\Recipe.DataAcess.csproj", "{6712A8A7-B905-4E49-9D62-7B7A6506216D}"
EndProject
Project("{2150E333-8FDC-42A3-9474-1A3956D46DE8}") = "MenuService", "MenuService", "{02CF182A-4832-4BC5-8CEF-B8857E510E6A}"
EndProject
Project("{9A19103F-16F7-4668-BE54-9A1E7A4F7556}") = "Menu.DataAccess", "Menu.DataAccess\Menu.DataAccess.csproj", "{2A654A15-D8D6-44D6-99D7-4463FBF9ACC2}"
EndProject
Project("{9A19103F-16F7-4668-BE54-9A1E7A4F7556}") = "Menu.API", "Menu.API\Menu.API.csproj", "{51139FF2-5163-4459-B936-3689381AB83F}"
EndProject
Project("{2150E333-8FDC-42A3-9474-1A3956D46DE8}") = "MVC", "MVC", "{D2AC2EA3-BF5A-4D47-82D0-92DEDDFDD121}"
EndProject
Project("{9A19103F-16F7-4668-BE54-9A1E7A4F7556}") = "Calofit_MVC", "Calofit_MVC\Calofit_MVC.csproj", "{9A561B5A-CA00-402E-8782-C02EF8DBF6C9}"
EndProject
Project("{FAE04EC0-301F-11D3-BF4B-00C04F79EFBC}") = "Calofit_User", "Calofit_User\Calofit_User.csproj", "{71AE0409-4F70-4DDC-BA26-D03961D48278}"
EndProject
Global
	GlobalSection(SolutionConfigurationPlatforms) = preSolution
		Debug|Any CPU = Debug|Any CPU
		Release|Any CPU = Release|Any CPU
	EndGlobalSection
	GlobalSection(ProjectConfigurationPlatforms) = postSolution
		{F262A03A-B158-4CE5-A700-3FF34E87ECD8}.Debug|Any CPU.ActiveCfg = Debug|Any CPU
		{F262A03A-B158-4CE5-A700-3FF34E87ECD8}.Debug|Any CPU.Build.0 = Debug|Any CPU
		{F262A03A-B158-4CE5-A700-3FF34E87ECD8}.Release|Any CPU.ActiveCfg = Release|Any CPU
		{F262A03A-B158-4CE5-A700-3FF34E87ECD8}.Release|Any CPU.Build.0 = Release|Any CPU
		{254AC3DC-E9DA-4253-83EF-DD73E7793335}.Debug|Any CPU.ActiveCfg = Debug|Any CPU
		{254AC3DC-E9DA-4253-83EF-DD73E7793335}.Debug|Any CPU.Build.0 = Debug|Any CPU
		{254AC3DC-E9DA-4253-83EF-DD73E7793335}.Release|Any CPU.ActiveCfg = Release|Any CPU
		{254AC3DC-E9DA-4253-83EF-DD73E7793335}.Release|Any CPU.Build.0 = Release|Any CPU
		{5C44F998-D754-4E97-8BEE-737CAF108F7E}.Debug|Any CPU.ActiveCfg = Debug|Any CPU
		{5C44F998-D754-4E97-8BEE-737CAF108F7E}.Debug|Any CPU.Build.0 = Debug|Any CPU
		{5C44F998-D754-4E97-8BEE-737CAF108F7E}.Release|Any CPU.ActiveCfg = Release|Any CPU
		{5C44F998-D754-4E97-8BEE-737CAF108F7E}.Release|Any CPU.Build.0 = Release|Any CPU
		{67E6C639-7AA1-470E-B61D-EFADFA92A824}.Debug|Any CPU.ActiveCfg = Debug|Any CPU
		{67E6C639-7AA1-470E-B61D-EFADFA92A824}.Debug|Any CPU.Build.0 = Debug|Any CPU
		{67E6C639-7AA1-470E-B61D-EFADFA92A824}.Release|Any CPU.ActiveCfg = Release|Any CPU
		{67E6C639-7AA1-470E-B61D-EFADFA92A824}.Release|Any CPU.Build.0 = Release|Any CPU
		{6712A8A7-B905-4E49-9D62-7B7A6506216D}.Debug|Any CPU.ActiveCfg = Debug|Any CPU
		{6712A8A7-B905-4E49-9D62-7B7A6506216D}.Debug|Any CPU.Build.0 = Debug|Any CPU
		{6712A8A7-B905-4E49-9D62-7B7A6506216D}.Release|Any CPU.ActiveCfg = Release|Any CPU
		{6712A8A7-B905-4E49-9D62-7B7A6506216D}.Release|Any CPU.Build.0 = Release|Any CPU
		{2A654A15-D8D6-44D6-99D7-4463FBF9ACC2}.Debug|Any CPU.ActiveCfg = Debug|Any CPU
		{2A654A15-D8D6-44D6-99D7-4463FBF9ACC2}.Debug|Any CPU.Build.0 = Debug|Any CPU
		{2A654A15-D8D6-44D6-99D7-4463FBF9ACC2}.Release|Any CPU.ActiveCfg = Release|Any CPU
		{2A654A15-D8D6-44D6-99D7-4463FBF9ACC2}.Release|Any CPU.Build.0 = Release|Any CPU
		{51139FF2-5163-4459-B936-3689381AB83F}.Debug|Any CPU.ActiveCfg = Debug|Any CPU
		{51139FF2-5163-4459-B936-3689381AB83F}.Debug|Any CPU.Build.0 = Debug|Any CPU
		{51139FF2-5163-4459-B936-3689381AB83F}.Release|Any CPU.ActiveCfg = Release|Any CPU
		{51139FF2-5163-4459-B936-3689381AB83F}.Release|Any CPU.Build.0 = Release|Any CPU
		{9A561B5A-CA00-402E-8782-C02EF8DBF6C9}.Debug|Any CPU.ActiveCfg = Debug|Any CPU
		{9A561B5A-CA00-402E-8782-C02EF8DBF6C9}.Debug|Any CPU.Build.0 = Debug|Any CPU
		{9A561B5A-CA00-402E-8782-C02EF8DBF6C9}.Release|Any CPU.ActiveCfg = Release|Any CPU
		{9A561B5A-CA00-402E-8782-C02EF8DBF6C9}.Release|Any CPU.Build.0 = Release|Any CPU
		{71AE0409-4F70-4DDC-BA26-D03961D48278}.Debug|Any CPU.ActiveCfg = Debug|Any CPU
		{71AE0409-4F70-4DDC-BA26-D03961D48278}.Debug|Any CPU.Build.0 = Debug|Any CPU
		{71AE0409-4F70-4DDC-BA26-D03961D48278}.Release|Any CPU.ActiveCfg = Release|Any CPU
		{71AE0409-4F70-4DDC-BA26-D03961D48278}.Release|Any CPU.Build.0 = Release|Any CPU
	EndGlobalSection
	GlobalSection(SolutionProperties) = preSolution
		HideSolutionNode = FALSE
	EndGlobalSection
	GlobalSection(NestedProjects) = preSolution
		{F262A03A-B158-4CE5-A700-3FF34E87ECD8} = {BA74BF98-6FD0-4846-8E06-888EE2E282A4}
		{3D4170A2-1EA8-47C3-9EDD-D9B0171ACF89} = {8F3CC210-ABD4-41ED-BF8C-299D2EB0055D}
		{9F299264-9712-48D0-B539-2997E66C9B44} = {8F3CC210-ABD4-41ED-BF8C-299D2EB0055D}
		{AF8BAF5E-C592-4C8F-BCFE-AFEA76A9E1FD} = {8F3CC210-ABD4-41ED-BF8C-299D2EB0055D}
		{254AC3DC-E9DA-4253-83EF-DD73E7793335} = {9F299264-9712-48D0-B539-2997E66C9B44}
		{5C44F998-D754-4E97-8BEE-737CAF108F7E} = {9F299264-9712-48D0-B539-2997E66C9B44}
		{67E6C639-7AA1-470E-B61D-EFADFA92A824} = {AF8BAF5E-C592-4C8F-BCFE-AFEA76A9E1FD}
		{6712A8A7-B905-4E49-9D62-7B7A6506216D} = {AF8BAF5E-C592-4C8F-BCFE-AFEA76A9E1FD}
		{02CF182A-4832-4BC5-8CEF-B8857E510E6A} = {8F3CC210-ABD4-41ED-BF8C-299D2EB0055D}
		{2A654A15-D8D6-44D6-99D7-4463FBF9ACC2} = {02CF182A-4832-4BC5-8CEF-B8857E510E6A}
		{51139FF2-5163-4459-B936-3689381AB83F} = {02CF182A-4832-4BC5-8CEF-B8857E510E6A}
		{9A561B5A-CA00-402E-8782-C02EF8DBF6C9} = {D2AC2EA3-BF5A-4D47-82D0-92DEDDFDD121}
		{71AE0409-4F70-4DDC-BA26-D03961D48278} = {D2AC2EA3-BF5A-4D47-82D0-92DEDDFDD121}
	EndGlobalSection
	GlobalSection(ExtensibilityGlobals) = postSolution
		SolutionGuid = {4D5389D2-7EF3-490F-B2E7-C1CF5DB54E91}
	EndGlobalSection
EndGlobal
